
Microsoft Visual Studio Solution File, Format Version 12.00
# Visual Studio 15
VisualStudioVersion = 15.0.28010.2016
MinimumVisualStudioVersion = 10.0.40219.1
Project("{FAE04EC0-301F-11D3-BF4B-00C04F79EFBC}") = "QLCuocDT", "QLCuocDT\QLCuocDT.csproj", "{A045DA59-3C52-4F78-9903-0C348B3DC5E2}"
EndProject
Global
	GlobalSection(SolutionConfigurationPlatforms) = preSolution
		Debug|Any CPU = Debug|Any CPU
		Release|Any CPU = Release|Any CPU
	EndGlobalSection
	GlobalSection(ProjectConfigurationPlatforms) = postSolution
		{A045DA59-3C52-4F78-9903-0C348B3DC5E2}.Debug|Any CPU.ActiveCfg = Debug|Any CPU
		{A045DA59-3C52-4F78-9903-0C348B3DC5E2}.Debug|Any CPU.Build.0 = Debug|Any CPU
		{A045DA59-3C52-4F78-9903-0C348B3DC5E2}.Release|Any CPU.ActiveCfg = Release|Any CPU
		{A045DA59-3C52-4F78-9903-0C348B3DC5E2}.Release|Any CPU.Build.0 = Release|Any CPU
	EndGlobalSection
	GlobalSection(SolutionProperties) = preSolution
		HideSolutionNode = FALSE
	EndGlobalSection
	GlobalSection(ExtensibilityGlobals) = postSolution
		SolutionGuid = {480CBF8C-193D-4995-B8F8-930E0889C5BB}
	EndGlobalSection
EndGlobal
